{
    "_meta": {
        "hash": {
            "sha256": "4c74ae96170ad5fa671d9989f8fce9e487ccd956505e910229e160dc21809f1d"
        },
        "pipfile-spec": 6,
        "requires": {
            "python_version": "3.5"
        },
        "sources": [
            {
                "name": "pypi",
                "url": "https://pypi.org/simple",
                "verify_ssl": true
            }
        ]
    },
    "default": {
        "cx-oracle": {
            "hashes": [
                "sha256:35810c6578b6fb722cedfed4eca609d75e11e415eb37682096b47c96c91911ed",
                "sha256:465422e762870f8ec9b9e4273f98790e13f9263eaeca655192fd10d4f0b12007",
                "sha256:4f26b7418e2796112f8b36338a2f9a7c07dd08df53d857e3478bb53f61dd52e4",
                "sha256:53c54aecfffcf97dc2f65ebdae0dd565f3d7a01a6e6b6f155980f4b0f4309aba",
                "sha256:53fdf25903b9a2f177b8463d257c9bbd9a15a58d25a05cc950813128bb36ffd3",
                "sha256:5bd9bf2d5c6ca20a468c033cdf35c5d651e4da5d4a3617f5a5653ab21bd06e30",
                "sha256:66b66c0c12e71f7292bed9d3a02ce085e15638f8fac11b536ee556a023b335dd",
                "sha256:761f73cd832bea333594aee6fda3fdcdd7a2525801b0a3d910faaeb2a0ee40e4",
                "sha256:9148d03e6e73b8c7566e7906ff234847b127abd0954f2df850d0d84ae0d424d1",
                "sha256:a0911b95149ddb6724eebd66b94c4df4b4dfbcd59ea7c09cf3ba7104fdc21120",
                "sha256:a4bf656546affe14df7ab1c4d7ce26e2bfc5abce5ee37fec280f22cbd821778b",
                "sha256:acaaa5cdf8ccd0526d351ef9440702f7fdf4d72f722e6761a487bcd541e45463",
                "sha256:f792412739cc0cb90ed0bca52da5284bbb2de975c24d408334cb17e33480d6cd",
                "sha256:ff5f15b7c8887afef9a970f05a3b6dc2d94d0d8e60b161c0cc6665e06d2cdf2e"
            ],
            "index": "pypi",
            "version": "==7.1.3"
        },
        "dbutils": {
            "hashes": [
                "sha256:0f7348ac0ea6c6830976628209dd3de3d76ac3e7f770c9225920866b50a70422"
            ],
            "index": "pypi",
            "version": "==1.3"
        }
    },
    "develop": {}
}
